
Microsoft Visual Studio Solution File, Format Version 12.00
# Visual Studio 15
VisualStudioVersion = 15.0.27130.2027
MinimumVisualStudioVersion = 10.0.40219.1
Project("{FAE04EC0-301F-11D3-BF4B-00C04F79EFBC}") = "KKWebApp2", "KKWebApp2\KKWebApp2.csproj", "{0D170F51-A8DD-4684-8F41-C83EA72D52AA}"
EndProject
Global
	GlobalSection(SolutionConfigurationPlatforms) = preSolution
		Debug|Any CPU = Debug|Any CPU
		Release|Any CPU = Release|Any CPU
	EndGlobalSection
	GlobalSection(ProjectConfigurationPlatforms) = postSolution
		{0D170F51-A8DD-4684-8F41-C83EA72D52AA}.Debug|Any CPU.ActiveCfg = Debug|Any CPU
		{0D170F51-A8DD-4684-8F41-C83EA72D52AA}.Debug|Any CPU.Build.0 = Debug|Any CPU
		{0D170F51-A8DD-4684-8F41-C83EA72D52AA}.Release|Any CPU.ActiveCfg = Release|Any CPU
		{0D170F51-A8DD-4684-8F41-C83EA72D52AA}.Release|Any CPU.Build.0 = Release|Any CPU
	EndGlobalSection
	GlobalSection(SolutionProperties) = preSolution
		HideSolutionNode = FALSE
	EndGlobalSection
	GlobalSection(ExtensibilityGlobals) = postSolution
		SolutionGuid = {786A539D-7148-4719-B09A-63B6B7706F2B}
	EndGlobalSection
EndGlobal
